// !$*UTF8*$!
{
	archiveVersion = 1;
	classes = {
	};
	objectVersion = 46;
	objects = {

/* Begin PBXBuildFile section */
		A0A0878F1DFB64D600CA2552 /* AppDelegate.swift in Sources */ = {isa = PBXBuildFile; fileRef = A0A0878E1DFB64D600CA2552 /* AppDelegate.swift */; };
		A0A087911DFB64D600CA2552 /* ViewController.swift in Sources */ = {isa = PBXBuildFile; fileRef = A0A087901DFB64D600CA2552 /* ViewController.swift */; };
		A0A087931DFB64D600CA2552 /* Assets.xcassets in Resources */ = {isa = PBXBuildFile; fileRef = A0A087921DFB64D600CA2552 /* Assets.xcassets */; };
		A0A087961DFB64D600CA2552 /* Main.storyboard in Resources */ = {isa = PBXBuildFile; fileRef = A0A087941DFB64D600CA2552 /* Main.storyboard */; };
		A0A087A11DFB64D600CA2552 /* HelloMeTests.swift in Sources */ = {isa = PBXBuildFile; fileRef = A0A087A01DFB64D600CA2552 /* HelloMeTests.swift */; };
		A0A087AC1DFB64D600CA2552 /* HelloMeUITests.swift in Sources */ = {isa = PBXBuildFile; fileRef = A0A087AB1DFB64D600CA2552 /* HelloMeUITests.swift */; };
/* End PBXBuildFile section */

/* Begin PBXContainerItemProxy section */
		A0A0879D1DFB64D600CA2552 /* PBXContainerItemProxy */ = {
			isa = PBXContainerItemProxy;
			containerPortal = A0A087831DFB64D500CA2552 /* Project object */;
			proxyType = 1;
			remoteGlobalIDString = A0A0878A1DFB64D500CA2552;
			remoteInfo = HelloMe;
		};
		A0A087A81DFB64D600CA2552 /* PBXContainerItemProxy */ = {
			isa = PBXContainerItemProxy;
			containerPortal = A0A087831DFB64D500CA2552 /* Project object */;
			proxyType = 1;
			remoteGlobalIDString = A0A0878A1DFB64D500CA2552;
			remoteInfo = HelloMe;
		};
/* End PBXContainerItemProxy section */

/* Begin PBXFileReference section */
		A0A0878B1DFB64D500CA2552 /* HelloMe.app */ = {isa = PBXFileReference; explicitFileType = wrapper.application; includeInIndex = 0; path = HelloMe.app; sourceTree = BUILT_PRODUCTS_DIR; };
		A0A0878E1DFB64D600CA2552 /* AppDelegate.swift */ = {isa = PBXFileReference; lastKnownFileType = sourcecode.swift; path = AppDelegate.swift; sourceTree = "<group>"; };
		A0A087901DFB64D600CA2552 /* ViewController.swift */ = {isa = PBXFileReference; lastKnownFileType = sourcecode.swift; path = ViewController.swift; sourceTree = "<group>"; };
		A0A087921DFB64D600CA2552 /* Assets.xcassets */ = {isa = PBXFileReference; lastKnownFileType = folder.assetcatalog; path = Assets.xcassets; sourceTree = "<group>"; };
		A0A087951DFB64D600CA2552 /* Base */ = {isa = PBXFileReference; lastKnownFileType = file.storyboard; name = Base; path = Base.lproj/Main.storyboard; sourceTree = "<group>"; };
		A0A087971DFB64D600CA2552 /* Info.plist */ = {isa = PBXFileReference; lastKnownFileType = text.plist.xml; path = Info.plist; sourceTree = "<group>"; };
		A0A0879C1DFB64D600CA2552 /* HelloMeTests.xctest */ = {isa = PBXFileReference; explicitFileType = wrapper.cfbundle; includeInIndex = 0; path = HelloMeTests.xctest; sourceTree = BUILT_PRODUCTS_DIR; };
		A0A087A01DFB64D600CA2552 /* HelloMeTests.swift */ = {isa = PBXFileReference; lastKnownFileType = sourcecode.swift; path = HelloMeTests.swift; sourceTree = "<group>"; };
		A0A087A21DFB64D600CA2552 /* Info.plist */ = {isa = PBXFileReference; lastKnownFileType = text.plist.xml; path = Info.plist; sourceTree = "<group>"; };
		A0A087A71DFB64D600CA2552 /* HelloMeUITests.xctest */ = {isa = PBXFileReference; explicitFileType = wrapper.cfbundle; includeInIndex = 0; path = HelloMeUITests.xctest; sourceTree = BUILT_PRODUCTS_DIR; };
		A0A087AB1DFB64D600CA2552 /* HelloMeUITests.swift */ = {isa = PBXFileReference; lastKnownFileType = sourcecode.swift; path = HelloMeUITests.swift; sourceTree = "<group>"; };
		A0A087AD1DFB64D600CA2552 /* Info.plist */ = {isa = PBXFileReference; lastKnownFileType = text.plist.xml; path = Info.plist; sourceTree = "<group>"; };
/* End PBXFileReference section */

/* Begin PBXFrameworksBuildPhase section */
		A0A087881DFB64D500CA2552 /* Frameworks */ = {
			isa = PBXFrameworksBuildPhase;
			buildActionMask = 2147483647;
			files = (
			);
			runOnlyForDeploymentPostprocessing = 0;
		};
		A0A087991DFB64D600CA2552 /* Frameworks */ = {
			isa = PBXFrameworksBuildPhase;
			buildActionMask = 2147483647;
			files = (
			);
			runOnlyForDeploymentPostprocessing = 0;
		};
		A0A087A41DFB64D600CA2552 /* Frameworks */ = {
			isa = PBXFrameworksBuildPhase;
			buildActionMask = 2147483647;
			files = (
			);
			runOnlyForDeploymentPostprocessing = 0;
		};
/* End PBXFrameworksBuildPhase section */

/* Begin PBXGroup section */
		A0A087821DFB64D500CA2552 = {
			isa = PBXGroup;
			children = (
				A0A0878D1DFB64D500CA2552 /* HelloMe */,
				A0A0879F1DFB64D600CA2552 /* HelloMeTests */,
				A0A087AA1DFB64D600CA2552 /* HelloMeUITests */,
				A0A0878C1DFB64D500CA2552 /* Products */,
			);
			sourceTree = "<group>";
		};
		A0A0878C1DFB64D500CA2552 /* Products */ = {
			isa = PBXGroup;
			children = (
				A0A0878B1DFB64D500CA2552 /* HelloMe.app */,
				A0A0879C1DFB64D600CA2552 /* HelloMeTests.xctest */,
				A0A087A71DFB64D600CA2552 /* HelloMeUITests.xctest */,
			);
			name = Products;
			sourceTree = "<group>";
		};
		A0A0878D1DFB64D500CA2552 /* HelloMe */ = {
			isa = PBXGroup;
			children = (
				A0A0878E1DFB64D600CA2552 /* AppDelegate.swift */,
				A0A087901DFB64D600CA2552 /* ViewController.swift */,
				A0A087921DFB64D600CA2552 /* Assets.xcassets */,
				A0A087941DFB64D600CA2552 /* Main.storyboard */,
				A0A087971DFB64D600CA2552 /* Info.plist */,
			);
			path = HelloMe;
			sourceTree = "<group>";
		};
		A0A0879F1DFB64D600CA2552 /* HelloMeTests */ = {
			isa = PBXGroup;
			children = (
				A0A087A01DFB64D600CA2552 /* HelloMeTests.swift */,
				A0A087A21DFB64D600CA2552 /* Info.plist */,
			);
			path = HelloMeTests;
			sourceTree = "<group>";
		};
		A0A087AA1DFB64D600CA2552 /* HelloMeUITests */ = {
			isa = PBXGroup;
			children = (
				A0A087AB1DFB64D600CA2552 /* HelloMeUITests.swift */,
				A0A087AD1DFB64D600CA2552 /* Info.plist */,
			);
			path = HelloMeUITests;
			sourceTree = "<group>";
		};
/* End PBXGroup section */

/* Begin PBXNativeTarget section */
		A0A0878A1DFB64D500CA2552 /* HelloMe */ = {
			isa = PBXNativeTarget;
			buildConfigurationList = A0A087B01DFB64D600CA2552 /* Build configuration list for PBXNativeTarget "HelloMe" */;
			buildPhases = (
				A0A087871DFB64D500CA2552 /* Sources */,
				A0A087881DFB64D500CA2552 /* Frameworks */,
				A0A087891DFB64D500CA2552 /* Resources */,
			);
			buildRules = (
			);
			dependencies = (
			);
			name = HelloMe;
			productName = HelloMe;
			productReference = A0A0878B1DFB64D500CA2552 /* HelloMe.app */;
			productType = "com.apple.product-type.application";
		};
		A0A0879B1DFB64D600CA2552 /* HelloMeTests */ = {
			isa = PBXNativeTarget;
			buildConfigurationList = A0A087B31DFB64D600CA2552 /* Build configuration list for PBXNativeTarget "HelloMeTests" */;
			buildPhases = (
				A0A087981DFB64D600CA2552 /* Sources */,
				A0A087991DFB64D600CA2552 /* Frameworks */,
				A0A0879A1DFB64D600CA2552 /* Resources */,
			);
			buildRules = (
			);
			dependencies = (
				A0A0879E1DFB64D600CA2552 /* PBXTargetDependency */,
			);
			name = HelloMeTests;
			productName = HelloMeTests;
			productReference = A0A0879C1DFB64D600CA2552 /* HelloMeTests.xctest */;
			productType = "com.apple.product-type.bundle.unit-test";
		};
		A0A087A61DFB64D600CA2552 /* HelloMeUITests */ = {
			isa = PBXNativeTarget;
			buildConfigurationList = A0A087B61DFB64D600CA2552 /* Build configuration list for PBXNativeTarget "HelloMeUITests" */;
			buildPhases = (
				A0A087A31DFB64D600CA2552 /* Sources */,
				A0A087A41DFB64D600CA2552 /* Frameworks */,
				A0A087A51DFB64D600CA2552 /* Resources */,
			);
			buildRules = (
			);
			dependencies = (
				A0A087A91DFB64D600CA2552 /* PBXTargetDependency */,
			);
			name = HelloMeUITests;
			productName = HelloMeUITests;
			productReference = A0A087A71DFB64D600CA2552 /* HelloMeUITests.xctest */;
			productType = "com.apple.product-type.bundle.ui-testing";
		};
/* End PBXNativeTarget section */

/* Begin PBXProject section */
		A0A087831DFB64D500CA2552 /* Project object */ = {
			isa = PBXProject;
			attributes = {
				LastSwiftUpdateCheck = 0800;
				LastUpgradeCheck = 0800;
				ORGANIZATIONNAME = "Nicholas Dry";
				TargetAttributes = {
					A0A0878A1DFB64D500CA2552 = {
						CreatedOnToolsVersion = 8.0;
						DevelopmentTeam = Y6H6L8XHG3;
						DevelopmentTeamName = "Nicholas Dry (Personal Team)";
						ProvisioningStyle = Automatic;
					};
					A0A0879B1DFB64D600CA2552 = {
						CreatedOnToolsVersion = 8.0;
						DevelopmentTeam = Y6H6L8XHG3;
						DevelopmentTeamName = "Nicholas Dry (Personal Team)";
						ProvisioningStyle = Automatic;
						TestTargetID = A0A0878A1DFB64D500CA2552;
					};
					A0A087A61DFB64D600CA2552 = {
						CreatedOnToolsVersion = 8.0;
						DevelopmentTeam = Y6H6L8XHG3;
						DevelopmentTeamName = "Nicholas Dry (Personal Team)";
						ProvisioningStyle = Automatic;
						TestTargetID = A0A0878A1DFB64D500CA2552;
					};
				};
			};
			buildConfigurationList = A0A087861DFB64D500CA2552 /* Build configuration list for PBXProject "HelloMe" */;
			compatibilityVersion = "Xcode 3.2";
			developmentRegion = English;
			hasScannedForEncodings = 0;
			knownRegions = (
				en,
				Base,
			);
			mainGroup = A0A087821DFB64D500CA2552;
			productRefGroup = A0A0878C1DFB64D500CA2552 /* Products */;
			projectDirPath = "";
			projectRoot = "";
			targets = (
				A0A0878A1DFB64D500CA2552 /* HelloMe */,
				A0A0879B1DFB64D600CA2552 /* HelloMeTests */,
				A0A087A61DFB64D600CA2552 /* HelloMeUITests */,
			);
		};
/* End PBXProject section */

/* Begin PBXResourcesBuildPhase section */
		A0A087891DFB64D500CA2552 /* Resources */ = {
			isa = PBXResourcesBuildPhase;
			buildActionMask = 2147483647;
			files = (
				A0A087931DFB64D600CA2552 /* Assets.xcassets in Resources */,
				A0A087961DFB64D600CA2552 /* Main.storyboard in Resources */,
			);
			runOnlyForDeploymentPostprocessing = 0;
		};
		A0A0879A1DFB64D600CA2552 /* Resources */ = {
			isa = PBXResourcesBuildPhase;
			buildActionMask = 2147483647;
			files = (
			);
			runOnlyForDeploymentPostprocessing = 0;
		};
		A0A087A51DFB64D600CA2552 /* Resources */ = {
			isa = PBXResourcesBuildPhase;
			buildActionMask = 2147483647;
			files = (
			);
			runOnlyForDeploymentPostprocessing = 0;
		};
/* End PBXResourcesBuildPhase section */

/* Begin PBXSourcesBuildPhase section */
		A0A087871DFB64D500CA2552 /* Sources */ = {
			isa = PBXSourcesBuildPhase;
			buildActionMask = 2147483647;
			files = (
				A0A087911DFB64D600CA2552 /* ViewController.swift in Sources */,
				A0A0878F1DFB64D600CA2552 /* AppDelegate.swift in Sources */,
			);
			runOnlyForDeploymentPostprocessing = 0;
		};
		A0A087981DFB64D600CA2552 /* Sources */ = {
			isa = PBXSourcesBuildPhase;
			buildActionMask = 2147483647;
			files = (
				A0A087A11DFB64D600CA2552 /* HelloMeTests.swift in Sources */,
			);
			runOnlyForDeploymentPostprocessing = 0;
		};
		A0A087A31DFB64D600CA2552 /* Sources */ = {
			isa = PBXSourcesBuildPhase;
			buildActionMask = 2147483647;
			files = (
				A0A087AC1DFB64D600CA2552 /* HelloMeUITests.swift in Sources */,
			);
			runOnlyForDeploymentPostprocessing = 0;
		};
/* End PBXSourcesBuildPhase section */

/* Begin PBXTargetDependency section */
		A0A0879E1DFB64D600CA2552 /* PBXTargetDependency */ = {
			isa = PBXTargetDependency;
			target = A0A0878A1DFB64D500CA2552 /* HelloMe */;
			targetProxy = A0A0879D1DFB64D600CA2552 /* PBXContainerItemProxy */;
		};
		A0A087A91DFB64D600CA2552 /* PBXTargetDependency */ = {
			isa = PBXTargetDependency;
			target = A0A0878A1DFB64D500CA2552 /* HelloMe */;
			targetProxy = A0A087A81DFB64D600CA2552 /* PBXContainerItemProxy */;
		};
/* End PBXTargetDependency section */

/* Begin PBXVariantGroup section */
		A0A087941DFB64D600CA2552 /* Main.storyboard */ = {
			isa = PBXVariantGroup;
			children = (
				A0A087951DFB64D600CA2552 /* Base */,
			);
			name = Main.storyboard;
			sourceTree = "<group>";
		};
/* End PBXVariantGroup section */

/* Begin XCBuildConfiguration section */
		A0A087AE1DFB64D600CA2552 /* Debug */ = {
			isa = XCBuildConfiguration;
			buildSettings = {
				ALWAYS_SEARCH_USER_PATHS = NO;
				CLANG_ANALYZER_NONNULL = YES;
				CLANG_CXX_LANGUAGE_STANDARD = "gnu++0x";
				CLANG_CXX_LIBRARY = "libc++";
				CLANG_ENABLE_MODULES = YES;
				CLANG_ENABLE_OBJC_ARC = YES;
				CLANG_WARN_BOOL_CONVERSION = YES;
				CLANG_WARN_CONSTANT_CONVERSION = YES;
				CLANG_WARN_DIRECT_OBJC_ISA_USAGE = YES_ERROR;
				CLANG_WARN_DOCUMENTATION_COMMENTS = YES;
				CLANG_WARN_EMPTY_BODY = YES;
				CLANG_WARN_ENUM_CONVERSION = YES;
				CLANG_WARN_INT_CONVERSION = YES;
				CLANG_WARN_OBJC_ROOT_CLASS = YES_ERROR;
				CLANG_WARN_UNREACHABLE_CODE = YES;
				CLANG_WARN__DUPLICATE_METHOD_MATCH = YES;
				CODE_SIGN_IDENTITY = "-";
				COPY_PHASE_STRIP = NO;
				DEBUG_INFORMATION_FORMAT = dwarf;
				ENABLE_STRICT_OBJC_MSGSEND = YES;
				ENABLE_TESTABILITY = YES;
				GCC_C_LANGUAGE_STANDARD = gnu99;
				GCC_DYNAMIC_NO_PIC = NO;
				GCC_NO_COMMON_BLOCKS = YES;
				GCC_OPTIMIZATION_LEVEL = 0;
				GCC_PREPROCESSOR_DEFINITIONS = (
					"DEBUG=1",
					"$(inherited)",
				);
				GCC_WARN_64_TO_32_BIT_CONVERSION = YES;
				GCC_WARN_ABOUT_RETURN_TYPE = YES_ERROR;
				GCC_WARN_UNDECLARED_SELECTOR = YES;
				GCC_WARN_UNINITIALIZED_AUTOS = YES_AGGRESSIVE;
				GCC_WARN_UNUSED_FUNCTION = YES;
				GCC_WARN_UNUSED_VARIABLE = YES;
				MACOSX_DEPLOYMENT_TARGET = 10.12;
				MTL_ENABLE_DEBUG_INFO = YES;
				ONLY_ACTIVE_ARCH = YES;
				SDKROOT = macosx;
				SWIFT_ACTIVE_COMPILATION_CONDITIONS = DEBUG;
				SWIFT_OPTIMIZATION_LEVEL = "-Onone";
			};
			name = Debug;
		};
		A0A087AF1DFB64D600CA2552 /* Release */ = {
			isa = XCBuildConfiguration;
			buildSettings = {
				ALWAYS_SEARCH_USER_PATHS = NO;
				CLANG_ANALYZER_NONNULL = YES;
				CLANG_CXX_LANGUAGE_STANDARD = "gnu++0x";
				CLANG_CXX_LIBRARY = "libc++";
				CLANG_ENABLE_MODULES = YES;
				CLANG_ENABLE_OBJC_ARC = YES;
				CLANG_WARN_BOOL_CONVERSION = YES;
				CLANG_WARN_CONSTANT_CONVERSION = YES;
				CLANG_WARN_DIRECT_OBJC_ISA_USAGE = YES_ERROR;
				CLANG_WARN_DOCUMENTATION_COMMENTS = YES;
				CLANG_WARN_EMPTY_BODY = YES;
				CLANG_WARN_ENUM_CONVERSION = YES;
				CLANG_WARN_INT_CONVERSION = YES;
				CLANG_WARN_OBJC_ROOT_CLASS = YES_ERROR;
				CLANG_WARN_UNREACHABLE_CODE = YES;
				CLANG_WARN__DUPLICATE_METHOD_MATCH = YES;
				CODE_SIGN_IDENTITY = "-";
				COPY_PHASE_STRIP = NO;
				DEBUG_INFORMATION_FORMAT = "dwarf-with-dsym";
				ENABLE_NS_ASSERTIONS = NO;
				ENABLE_STRICT_OBJC_MSGSEND = YES;
				GCC_C_LANGUAGE_STANDARD = gnu99;
				GCC_NO_COMMON_BLOCKS = YES;
				GCC_WARN_64_TO_32_BIT_CONVERSION = YES;
				GCC_WARN_ABOUT_RETURN_TYPE = YES_ERROR;
				GCC_WARN_UNDECLARED_SELECTOR = YES;
				GCC_WARN_UNINITIALIZED_AUTOS = YES_AGGRESSIVE;
				GCC_WARN_UNUSED_FUNCTION = YES;
				GCC_WARN_UNUSED_VARIABLE = YES;
				MACOSX_DEPLOYMENT_TARGET = 10.12;
				MTL_ENABLE_DEBUG_INFO = NO;
				SDKROOT = macosx;
				SWIFT_OPTIMIZATION_LEVEL = "-Owholemodule";
			};
			name = Release;
		};
		A0A087B11DFB64D600CA2552 /* Debug */ = {
			isa = XCBuildConfiguration;
			buildSettings = {
				ASSETCATALOG_COMPILER_APPICON_NAME = AppIcon;
				COMBINE_HIDPI_IMAGES = YES;
				INFOPLIST_FILE = HelloMe/Info.plist;
				LD_RUNPATH_SEARCH_PATHS = "$(inherited) @executable_path/../Frameworks";
				PRODUCT_BUNDLE_IDENTIFIER = com.nicholasdry.HelloMe;
				PRODUCT_NAME = "$(TARGET_NAME)";
				SWIFT_VERSION = 3.0;
			};
			name = Debug;
		};
		A0A087B21DFB64D600CA2552 /* Release */ = {
			isa = XCBuildConfiguration;
			buildSettings = {
				ASSETCATALOG_COMPILER_APPICON_NAME = AppIcon;
				COMBINE_HIDPI_IMAGES = YES;
				INFOPLIST_FILE = HelloMe/Info.plist;
				LD_RUNPATH_SEARCH_PATHS = "$(inherited) @executable_path/../Frameworks";
				PRODUCT_BUNDLE_IDENTIFIER = com.nicholasdry.HelloMe;
				PRODUCT_NAME = "$(TARGET_NAME)";
				SWIFT_VERSION = 3.0;
			};
			name = Release;
		};
		A0A087B41DFB64D600CA2552 /* Debug */ = {
			isa = XCBuildConfiguration;
			buildSettings = {
				BUNDLE_LOADER = "$(TEST_HOST)";
				COMBINE_HIDPI_IMAGES = YES;
				INFOPLIST_FILE = HelloMeTests/Info.plist;
				LD_RUNPATH_SEARCH_PATHS = "$(inherited) @executable_path/../Frameworks @loader_path/../Frameworks";
				PRODUCT_BUNDLE_IDENTIFIER = com.nicholasdry.HelloMeTests;
				PRODUCT_NAME = "$(TARGET_NAME)";
				SWIFT_VERSION = 3.0;
				TEST_HOST = "$(BUILT_PRODUCTS_DIR)/HelloMe.app/Contents/MacOS/HelloMe";
			};
			name = Debug;
		};
		A0A087B51DFB64D600CA2552 /* Release */ = {
			isa = XCBuildConfiguration;
			buildSettings = {
				BUNDLE_LOADER = "$(TEST_HOST)";
				COMBINE_HIDPI_IMAGES = YES;
				INFOPLIST_FILE = HelloMeTests/Info.plist;
				LD_RUNPATH_SEARCH_PATHS = "$(inherited) @executable_path/../Frameworks @loader_path/../Frameworks";
				PRODUCT_BUNDLE_IDENTIFIER = com.nicholasdry.HelloMeTests;
				PRODUCT_NAME = "$(TARGET_NAME)";
				SWIFT_VERSION = 3.0;
				TEST_HOST = "$(BUILT_PRODUCTS_DIR)/HelloMe.app/Contents/MacOS/HelloMe";
			};
			name = Release;
		};
		A0A087B71DFB64D600CA2552 /* Debug */ = {
			isa = XCBuildConfiguration;
			buildSettings = {
				COMBINE_HIDPI_IMAGES = YES;
				INFOPLIST_FILE = HelloMeUITests/Info.plist;
				LD_RUNPATH_SEARCH_PATHS = "$(inherited) @executable_path/../Frameworks @loader_path/../Frameworks";
				PRODUCT_BUNDLE_IDENTIFIER = com.nicholasdry.HelloMeUITests;
				PRODUCT_NAME = "$(TARGET_NAME)";
				SWIFT_VERSION = 3.0;
				TEST_TARGET_NAME = HelloMe;
			};
			name = Debug;
		};
		A0A087B81DFB64D600CA2552 /* Release */ = {
			isa = XCBuildConfiguration;
			buildSettings = {
				COMBINE_HIDPI_IMAGES = YES;
				INFOPLIST_FILE = HelloMeUITests/Info.plist;
				LD_RUNPATH_SEARCH_PATHS = "$(inherited) @executable_path/../Frameworks @loader_path/../Frameworks";
				PRODUCT_BUNDLE_IDENTIFIER = com.nicholasdry.HelloMeUITests;
				PRODUCT_NAME = "$(TARGET_NAME)";
				SWIFT_VERSION = 3.0;
				TEST_TARGET_NAME = HelloMe;
			};
			name = Release;
		};
/* End XCBuildConfiguration section */

/* Begin XCConfigurationList section */
		A0A087861DFB64D500CA2552 /* Build configuration list for PBXProject "HelloMe" */ = {
			isa = XCConfigurationList;
			buildConfigurations = (
				A0A087AE1DFB64D600CA2552 /* Debug */,
				A0A087AF1DFB64D600CA2552 /* Release */,
			);
			defaultConfigurationIsVisible = 0;
			defaultConfigurationName = Release;
		};
		A0A087B01DFB64D600CA2552 /* Build configuration list for PBXNativeTarget "HelloMe" */ = {
			isa = XCConfigurationList;
			buildConfigurations = (
				A0A087B11DFB64D600CA2552 /* Debug */,
				A0A087B21DFB64D600CA2552 /* Release */,
			);
			defaultConfigurationIsVisible = 0;
		};
		A0A087B31DFB64D600CA2552 /* Build configuration list for PBXNativeTarget "HelloMeTests" */ = {
			isa = XCConfigurationList;
			buildConfigurations = (
				A0A087B41DFB64D600CA2552 /* Debug */,
				A0A087B51DFB64D600CA2552 /* Release */,
			);
			defaultConfigurationIsVisible = 0;
		};
		A0A087B61DFB64D600CA2552 /* Build configuration list for PBXNativeTarget "HelloMeUITests" */ = {
			isa = XCConfigurationList;
			buildConfigurations = (
				A0A087B71DFB64D600CA2552 /* Debug */,
				A0A087B81DFB64D600CA2552 /* Release */,
			);
			defaultConfigurationIsVisible = 0;
		};
/* End XCConfigurationList section */
	};
	rootObject = A0A087831DFB64D500CA2552 /* Project object */;
}
