// !$*UTF8*$!
{
	archiveVersion = 1;
	classes = {
	};
	objectVersion = 46;
	objects = {

/* Begin PBXBuildFile section */
		A0A29FBA1CA5F895008B13AB /* AppDelegate.swift in Sources */ = {isa = PBXBuildFile; fileRef = A0A29FB91CA5F895008B13AB /* AppDelegate.swift */; };
		A0A29FBC1CA5F895008B13AB /* ViewController.swift in Sources */ = {isa = PBXBuildFile; fileRef = A0A29FBB1CA5F895008B13AB /* ViewController.swift */; };
		A0A29FBF1CA5F895008B13AB /* Main.storyboard in Resources */ = {isa = PBXBuildFile; fileRef = A0A29FBD1CA5F895008B13AB /* Main.storyboard */; };
		A0A29FC11CA5F895008B13AB /* Assets.xcassets in Resources */ = {isa = PBXBuildFile; fileRef = A0A29FC01CA5F895008B13AB /* Assets.xcassets */; };
		A0A29FC41CA5F895008B13AB /* LaunchScreen.storyboard in Resources */ = {isa = PBXBuildFile; fileRef = A0A29FC21CA5F895008B13AB /* LaunchScreen.storyboard */; };
		A0A29FCC1CA5F91A008B13AB /* ViewTwo.swift in Sources */ = {isa = PBXBuildFile; fileRef = A0A29FCB1CA5F91A008B13AB /* ViewTwo.swift */; };
/* End PBXBuildFile section */

/* Begin PBXFileReference section */
		A0A29FB61CA5F894008B13AB /* PassingData.app */ = {isa = PBXFileReference; explicitFileType = wrapper.application; includeInIndex = 0; path = PassingData.app; sourceTree = BUILT_PRODUCTS_DIR; };
		A0A29FB91CA5F895008B13AB /* AppDelegate.swift */ = {isa = PBXFileReference; lastKnownFileType = sourcecode.swift; path = AppDelegate.swift; sourceTree = "<group>"; };
		A0A29FBB1CA5F895008B13AB /* ViewController.swift */ = {isa = PBXFileReference; lastKnownFileType = sourcecode.swift; path = ViewController.swift; sourceTree = "<group>"; };
		A0A29FBE1CA5F895008B13AB /* Base */ = {isa = PBXFileReference; lastKnownFileType = file.storyboard; name = Base; path = Base.lproj/Main.storyboard; sourceTree = "<group>"; };
		A0A29FC01CA5F895008B13AB /* Assets.xcassets */ = {isa = PBXFileReference; lastKnownFileType = folder.assetcatalog; path = Assets.xcassets; sourceTree = "<group>"; };
		A0A29FC31CA5F895008B13AB /* Base */ = {isa = PBXFileReference; lastKnownFileType = file.storyboard; name = Base; path = Base.lproj/LaunchScreen.storyboard; sourceTree = "<group>"; };
		A0A29FC51CA5F895008B13AB /* Info.plist */ = {isa = PBXFileReference; lastKnownFileType = text.plist.xml; path = Info.plist; sourceTree = "<group>"; };
		A0A29FCB1CA5F91A008B13AB /* ViewTwo.swift */ = {isa = PBXFileReference; fileEncoding = 4; lastKnownFileType = sourcecode.swift; path = ViewTwo.swift; sourceTree = "<group>"; };
/* End PBXFileReference section */

/* Begin PBXFrameworksBuildPhase section */
		A0A29FB31CA5F894008B13AB /* Frameworks */ = {
			isa = PBXFrameworksBuildPhase;
			buildActionMask = 2147483647;
			files = (
			);
			runOnlyForDeploymentPostprocessing = 0;
		};
/* End PBXFrameworksBuildPhase section */

/* Begin PBXGroup section */
		A0A29FAD1CA5F894008B13AB = {
			isa = PBXGroup;
			children = (
				A0A29FB81CA5F895008B13AB /* PassingData */,
				A0A29FB71CA5F894008B13AB /* Products */,
			);
			sourceTree = "<group>";
		};
		A0A29FB71CA5F894008B13AB /* Products */ = {
			isa = PBXGroup;
			children = (
				A0A29FB61CA5F894008B13AB /* PassingData.app */,
			);
			name = Products;
			sourceTree = "<group>";
		};
		A0A29FB81CA5F895008B13AB /* PassingData */ = {
			isa = PBXGroup;
			children = (
				A0A29FB91CA5F895008B13AB /* AppDelegate.swift */,
				A0A29FBB1CA5F895008B13AB /* ViewController.swift */,
				A0A29FBD1CA5F895008B13AB /* Main.storyboard */,
				A0A29FCB1CA5F91A008B13AB /* ViewTwo.swift */,
				A0A29FC01CA5F895008B13AB /* Assets.xcassets */,
				A0A29FC21CA5F895008B13AB /* LaunchScreen.storyboard */,
				A0A29FC51CA5F895008B13AB /* Info.plist */,
			);
			path = PassingData;
			sourceTree = "<group>";
		};
/* End PBXGroup section */

/* Begin PBXNativeTarget section */
		A0A29FB51CA5F894008B13AB /* PassingData */ = {
			isa = PBXNativeTarget;
			buildConfigurationList = A0A29FC81CA5F895008B13AB /* Build configuration list for PBXNativeTarget "PassingData" */;
			buildPhases = (
				A0A29FB21CA5F894008B13AB /* Sources */,
				A0A29FB31CA5F894008B13AB /* Frameworks */,
				A0A29FB41CA5F894008B13AB /* Resources */,
			);
			buildRules = (
			);
			dependencies = (
			);
			name = PassingData;
			productName = PassingData;
			productReference = A0A29FB61CA5F894008B13AB /* PassingData.app */;
			productType = "com.apple.product-type.application";
		};
/* End PBXNativeTarget section */

/* Begin PBXProject section */
		A0A29FAE1CA5F894008B13AB /* Project object */ = {
			isa = PBXProject;
			attributes = {
				LastSwiftUpdateCheck = 0720;
				LastUpgradeCheck = 0720;
				ORGANIZATIONNAME = "Nicholas Dry";
				TargetAttributes = {
					A0A29FB51CA5F894008B13AB = {
						CreatedOnToolsVersion = 7.2;
						DevelopmentTeam = Y6H6L8XHG3;
					};
				};
			};
			buildConfigurationList = A0A29FB11CA5F894008B13AB /* Build configuration list for PBXProject "PassingData" */;
			compatibilityVersion = "Xcode 3.2";
			developmentRegion = English;
			hasScannedForEncodings = 0;
			knownRegions = (
				en,
				Base,
			);
			mainGroup = A0A29FAD1CA5F894008B13AB;
			productRefGroup = A0A29FB71CA5F894008B13AB /* Products */;
			projectDirPath = "";
			projectRoot = "";
			targets = (
				A0A29FB51CA5F894008B13AB /* PassingData */,
			);
		};
/* End PBXProject section */

/* Begin PBXResourcesBuildPhase section */
		A0A29FB41CA5F894008B13AB /* Resources */ = {
			isa = PBXResourcesBuildPhase;
			buildActionMask = 2147483647;
			files = (
				A0A29FC41CA5F895008B13AB /* LaunchScreen.storyboard in Resources */,
				A0A29FC11CA5F895008B13AB /* Assets.xcassets in Resources */,
				A0A29FBF1CA5F895008B13AB /* Main.storyboard in Resources */,
			);
			runOnlyForDeploymentPostprocessing = 0;
		};
/* End PBXResourcesBuildPhase section */

/* Begin PBXSourcesBuildPhase section */
		A0A29FB21CA5F894008B13AB /* Sources */ = {
			isa = PBXSourcesBuildPhase;
			buildActionMask = 2147483647;
			files = (
				A0A29FBC1CA5F895008B13AB /* ViewController.swift in Sources */,
				A0A29FBA1CA5F895008B13AB /* AppDelegate.swift in Sources */,
				A0A29FCC1CA5F91A008B13AB /* ViewTwo.swift in Sources */,
			);
			runOnlyForDeploymentPostprocessing = 0;
		};
/* End PBXSourcesBuildPhase section */

/* Begin PBXVariantGroup section */
		A0A29FBD1CA5F895008B13AB /* Main.storyboard */ = {
			isa = PBXVariantGroup;
			children = (
				A0A29FBE1CA5F895008B13AB /* Base */,
			);
			name = Main.storyboard;
			sourceTree = "<group>";
		};
		A0A29FC21CA5F895008B13AB /* LaunchScreen.storyboard */ = {
			isa = PBXVariantGroup;
			children = (
				A0A29FC31CA5F895008B13AB /* Base */,
			);
			name = LaunchScreen.storyboard;
			sourceTree = "<group>";
		};
/* End PBXVariantGroup section */

/* Begin XCBuildConfiguration section */
		A0A29FC61CA5F895008B13AB /* Debug */ = {
			isa = XCBuildConfiguration;
			buildSettings = {
				ALWAYS_SEARCH_USER_PATHS = NO;
				CLANG_CXX_LANGUAGE_STANDARD = "gnu++0x";
				CLANG_CXX_LIBRARY = "libc++";
				CLANG_ENABLE_MODULES = YES;
				CLANG_ENABLE_OBJC_ARC = YES;
				CLANG_WARN_BOOL_CONVERSION = YES;
				CLANG_WARN_CONSTANT_CONVERSION = YES;
				CLANG_WARN_DIRECT_OBJC_ISA_USAGE = YES_ERROR;
				CLANG_WARN_EMPTY_BODY = YES;
				CLANG_WARN_ENUM_CONVERSION = YES;
				CLANG_WARN_INT_CONVERSION = YES;
				CLANG_WARN_OBJC_ROOT_CLASS = YES_ERROR;
				CLANG_WARN_UNREACHABLE_CODE = YES;
				CLANG_WARN__DUPLICATE_METHOD_MATCH = YES;
				"CODE_SIGN_IDENTITY[sdk=iphoneos*]" = "iPhone Developer";
				COPY_PHASE_STRIP = NO;
				DEBUG_INFORMATION_FORMAT = dwarf;
				ENABLE_STRICT_OBJC_MSGSEND = YES;
				ENABLE_TESTABILITY = YES;
				GCC_C_LANGUAGE_STANDARD = gnu99;
				GCC_DYNAMIC_NO_PIC = NO;
				GCC_NO_COMMON_BLOCKS = YES;
				GCC_OPTIMIZATION_LEVEL = 0;
				GCC_PREPROCESSOR_DEFINITIONS = (
					"DEBUG=1",
					"$(inherited)",
				);
				GCC_WARN_64_TO_32_BIT_CONVERSION = YES;
				GCC_WARN_ABOUT_RETURN_TYPE = YES_ERROR;
				GCC_WARN_UNDECLARED_SELECTOR = YES;
				GCC_WARN_UNINITIALIZED_AUTOS = YES_AGGRESSIVE;
				GCC_WARN_UNUSED_FUNCTION = YES;
				GCC_WARN_UNUSED_VARIABLE = YES;
				IPHONEOS_DEPLOYMENT_TARGET = 9.2;
				MTL_ENABLE_DEBUG_INFO = YES;
				ONLY_ACTIVE_ARCH = YES;
				SDKROOT = iphoneos;
				SWIFT_OPTIMIZATION_LEVEL = "-Onone";
			};
			name = Debug;
		};
		A0A29FC71CA5F895008B13AB /* Release */ = {
			isa = XCBuildConfiguration;
			buildSettings = {
				ALWAYS_SEARCH_USER_PATHS = NO;
				CLANG_CXX_LANGUAGE_STANDARD = "gnu++0x";
				CLANG_CXX_LIBRARY = "libc++";
				CLANG_ENABLE_MODULES = YES;
				CLANG_ENABLE_OBJC_ARC = YES;
				CLANG_WARN_BOOL_CONVERSION = YES;
				CLANG_WARN_CONSTANT_CONVERSION = YES;
				CLANG_WARN_DIRECT_OBJC_ISA_USAGE = YES_ERROR;
				CLANG_WARN_EMPTY_BODY = YES;
				CLANG_WARN_ENUM_CONVERSION = YES;
				CLANG_WARN_INT_CONVERSION = YES;
				CLANG_WARN_OBJC_ROOT_CLASS = YES_ERROR;
				CLANG_WARN_UNREACHABLE_CODE = YES;
				CLANG_WARN__DUPLICATE_METHOD_MATCH = YES;
				"CODE_SIGN_IDENTITY[sdk=iphoneos*]" = "iPhone Developer";
				COPY_PHASE_STRIP = NO;
				DEBUG_INFORMATION_FORMAT = "dwarf-with-dsym";
				ENABLE_NS_ASSERTIONS = NO;
				ENABLE_STRICT_OBJC_MSGSEND = YES;
				GCC_C_LANGUAGE_STANDARD = gnu99;
				GCC_NO_COMMON_BLOCKS = YES;
				GCC_WARN_64_TO_32_BIT_CONVERSION = YES;
				GCC_WARN_ABOUT_RETURN_TYPE = YES_ERROR;
				GCC_WARN_UNDECLARED_SELECTOR = YES;
				GCC_WARN_UNINITIALIZED_AUTOS = YES_AGGRESSIVE;
				GCC_WARN_UNUSED_FUNCTION = YES;
				GCC_WARN_UNUSED_VARIABLE = YES;
				IPHONEOS_DEPLOYMENT_TARGET = 9.2;
				MTL_ENABLE_DEBUG_INFO = NO;
				SDKROOT = iphoneos;
				VALIDATE_PRODUCT = YES;
			};
			name = Release;
		};
		A0A29FC91CA5F895008B13AB /* Debug */ = {
			isa = XCBuildConfiguration;
			buildSettings = {
				ASSETCATALOG_COMPILER_APPICON_NAME = AppIcon;
				INFOPLIST_FILE = PassingData/Info.plist;
				LD_RUNPATH_SEARCH_PATHS = "$(inherited) @executable_path/Frameworks";
				PRODUCT_BUNDLE_IDENTIFIER = com.nicholasdry.PassingData;
				PRODUCT_NAME = "$(TARGET_NAME)";
			};
			name = Debug;
		};
		A0A29FCA1CA5F895008B13AB /* Release */ = {
			isa = XCBuildConfiguration;
			buildSettings = {
				ASSETCATALOG_COMPILER_APPICON_NAME = AppIcon;
				INFOPLIST_FILE = PassingData/Info.plist;
				LD_RUNPATH_SEARCH_PATHS = "$(inherited) @executable_path/Frameworks";
				PRODUCT_BUNDLE_IDENTIFIER = com.nicholasdry.PassingData;
				PRODUCT_NAME = "$(TARGET_NAME)";
			};
			name = Release;
		};
/* End XCBuildConfiguration section */

/* Begin XCConfigurationList section */
		A0A29FB11CA5F894008B13AB /* Build configuration list for PBXProject "PassingData" */ = {
			isa = XCConfigurationList;
			buildConfigurations = (
				A0A29FC61CA5F895008B13AB /* Debug */,
				A0A29FC71CA5F895008B13AB /* Release */,
			);
			defaultConfigurationIsVisible = 0;
			defaultConfigurationName = Release;
		};
		A0A29FC81CA5F895008B13AB /* Build configuration list for PBXNativeTarget "PassingData" */ = {
			isa = XCConfigurationList;
			buildConfigurations = (
				A0A29FC91CA5F895008B13AB /* Debug */,
				A0A29FCA1CA5F895008B13AB /* Release */,
			);
			defaultConfigurationIsVisible = 0;
		};
/* End XCConfigurationList section */
	};
	rootObject = A0A29FAE1CA5F894008B13AB /* Project object */;
}
